
Microsoft Visual Studio Solution File, Format Version 12.00
# Visual Studio 15
VisualStudioVersion = 15.0.26430.4
MinimumVisualStudioVersion = 10.0.40219.1
Project("{FAE04EC0-301F-11D3-BF4B-00C04F79EFBC}") = "Com.Web.Api", "Com.Web.Api\Com.Web.Api.csproj", "{DF96A90B-A38C-4421-AD71-855FA9BC53A9}"
EndProject
Project("{FAE04EC0-301F-11D3-BF4B-00C04F79EFBC}") = "Com.Web.Business", "Com.Web.Business\Com.Web.Business.csproj", "{555A6B23-69A0-4E2C-8552-85D623E8A182}"
EndProject
Project("{FAE04EC0-301F-11D3-BF4B-00C04F79EFBC}") = "Com.Web.Common", "Com.Web.Common\Com.Web.Common.csproj", "{2FE99B7A-CB06-430C-8559-7E7930713F76}"
EndProject
Project("{FAE04EC0-301F-11D3-BF4B-00C04F79EFBC}") = "Com.Web.Model", "Com.Web.Model\Com.Web.Model.csproj", "{CB98B11A-8A41-4DC3-8218-4A8B271BC6A4}"
EndProject
Project("{FAE04EC0-301F-11D3-BF4B-00C04F79EFBC}") = "Com.Web.Repository", "Com.Web.Repository\Com.Web.Repository.csproj", "{8C6981E3-D175-4B10-86F7-6F27322A35CD}"
EndProject
Global
	GlobalSection(SolutionConfigurationPlatforms) = preSolution
		Debug|Any CPU = Debug|Any CPU
		Release|Any CPU = Release|Any CPU
	EndGlobalSection
	GlobalSection(ProjectConfigurationPlatforms) = postSolution
		{DF96A90B-A38C-4421-AD71-855FA9BC53A9}.Debug|Any CPU.ActiveCfg = Debug|Any CPU
		{DF96A90B-A38C-4421-AD71-855FA9BC53A9}.Debug|Any CPU.Build.0 = Debug|Any CPU
		{DF96A90B-A38C-4421-AD71-855FA9BC53A9}.Release|Any CPU.ActiveCfg = Release|Any CPU
		{DF96A90B-A38C-4421-AD71-855FA9BC53A9}.Release|Any CPU.Build.0 = Release|Any CPU
		{555A6B23-69A0-4E2C-8552-85D623E8A182}.Debug|Any CPU.ActiveCfg = Debug|Any CPU
		{555A6B23-69A0-4E2C-8552-85D623E8A182}.Debug|Any CPU.Build.0 = Debug|Any CPU
		{555A6B23-69A0-4E2C-8552-85D623E8A182}.Release|Any CPU.ActiveCfg = Release|Any CPU
		{555A6B23-69A0-4E2C-8552-85D623E8A182}.Release|Any CPU.Build.0 = Release|Any CPU
		{2FE99B7A-CB06-430C-8559-7E7930713F76}.Debug|Any CPU.ActiveCfg = Debug|Any CPU
		{2FE99B7A-CB06-430C-8559-7E7930713F76}.Debug|Any CPU.Build.0 = Debug|Any CPU
		{2FE99B7A-CB06-430C-8559-7E7930713F76}.Release|Any CPU.ActiveCfg = Release|Any CPU
		{2FE99B7A-CB06-430C-8559-7E7930713F76}.Release|Any CPU.Build.0 = Release|Any CPU
		{CB98B11A-8A41-4DC3-8218-4A8B271BC6A4}.Debug|Any CPU.ActiveCfg = Debug|Any CPU
		{CB98B11A-8A41-4DC3-8218-4A8B271BC6A4}.Debug|Any CPU.Build.0 = Debug|Any CPU
		{CB98B11A-8A41-4DC3-8218-4A8B271BC6A4}.Release|Any CPU.ActiveCfg = Release|Any CPU
		{CB98B11A-8A41-4DC3-8218-4A8B271BC6A4}.Release|Any CPU.Build.0 = Release|Any CPU
		{8C6981E3-D175-4B10-86F7-6F27322A35CD}.Debug|Any CPU.ActiveCfg = Debug|Any CPU
		{8C6981E3-D175-4B10-86F7-6F27322A35CD}.Debug|Any CPU.Build.0 = Debug|Any CPU
		{8C6981E3-D175-4B10-86F7-6F27322A35CD}.Release|Any CPU.ActiveCfg = Release|Any CPU
		{8C6981E3-D175-4B10-86F7-6F27322A35CD}.Release|Any CPU.Build.0 = Release|Any CPU
	EndGlobalSection
	GlobalSection(SolutionProperties) = preSolution
		HideSolutionNode = FALSE
	EndGlobalSection
EndGlobal
